
Microsoft Visual Studio Solution File, Format Version 12.00
# Visual Studio Version 17
VisualStudioVersion = 17.3.32922.545
MinimumVisualStudioVersion = 10.0.40219.1
Project("{FAE04EC0-301F-11D3-BF4B-00C04F79EFBC}") = "BancoLL", "BancoLL\BancoLL.csproj", "{FA0A68B6-37A0-4AE6-83A6-433831F3A10A}"
EndProject
Global
	GlobalSection(SolutionConfigurationPlatforms) = preSolution
		Debug|Any CPU = Debug|Any CPU
		Release|Any CPU = Release|Any CPU
	EndGlobalSection
	GlobalSection(ProjectConfigurationPlatforms) = postSolution
		{FA0A68B6-37A0-4AE6-83A6-433831F3A10A}.Debug|Any CPU.ActiveCfg = Debug|Any CPU
		{FA0A68B6-37A0-4AE6-83A6-433831F3A10A}.Debug|Any CPU.Build.0 = Debug|Any CPU
		{FA0A68B6-37A0-4AE6-83A6-433831F3A10A}.Release|Any CPU.ActiveCfg = Release|Any CPU
		{FA0A68B6-37A0-4AE6-83A6-433831F3A10A}.Release|Any CPU.Build.0 = Release|Any CPU
	EndGlobalSection
	GlobalSection(SolutionProperties) = preSolution
		HideSolutionNode = FALSE
	EndGlobalSection
	GlobalSection(ExtensibilityGlobals) = postSolution
		SolutionGuid = {E5209EC7-C77A-4BFD-8EB8-8A70B8CA2E5E}
	EndGlobalSection
EndGlobal
